
Microsoft Visual Studio Solution File, Format Version 12.00
# Visual Studio Version 17
VisualStudioVersion = 17.3.32929.385
MinimumVisualStudioVersion = 10.0.40219.1
Project("{9A19103F-16F7-4668-BE54-9A1E7A4F7556}") = "09.11.2022", "09.11.2022\09.11.2022.csproj", "{EF02C1BF-F8A7-4E46-A541-354D2BAB5ECD}"
EndProject
Project("{9A19103F-16F7-4668-BE54-9A1E7A4F7556}") = "Dosyalar", "Dosyalar\Dosyalar.csproj", "{BA0ACABE-0E66-408F-BF1F-3AFF177046DD}"
EndProject
Project("{9A19103F-16F7-4668-BE54-9A1E7A4F7556}") = "Dosyadan_Okuma", "Dosyadan_Okuma\Dosyadan_Okuma.csproj", "{8454C4DA-E2D9-434A-9715-33183F689D13}"
EndProject
Project("{9A19103F-16F7-4668-BE54-9A1E7A4F7556}") = "Ornek", "Ornek\Ornek.csproj", "{2D779EBF-C0FD-4A17-9EF8-DED604DE2B8C}"
EndProject
Project("{FAE04EC0-301F-11D3-BF4B-00C04F79EFBC}") = "Ornek2", "Ornek2\Ornek2.csproj", "{8EDA0683-617F-4111-9F2E-412A0BCFCABA}"
EndProject
Global
	GlobalSection(SolutionConfigurationPlatforms) = preSolution
		Debug|Any CPU = Debug|Any CPU
		Release|Any CPU = Release|Any CPU
	EndGlobalSection
	GlobalSection(ProjectConfigurationPlatforms) = postSolution
		{EF02C1BF-F8A7-4E46-A541-354D2BAB5ECD}.Debug|Any CPU.ActiveCfg = Debug|Any CPU
		{EF02C1BF-F8A7-4E46-A541-354D2BAB5ECD}.Debug|Any CPU.Build.0 = Debug|Any CPU
		{EF02C1BF-F8A7-4E46-A541-354D2BAB5ECD}.Release|Any CPU.ActiveCfg = Release|Any CPU
		{EF02C1BF-F8A7-4E46-A541-354D2BAB5ECD}.Release|Any CPU.Build.0 = Release|Any CPU
		{BA0ACABE-0E66-408F-BF1F-3AFF177046DD}.Debug|Any CPU.ActiveCfg = Debug|Any CPU
		{BA0ACABE-0E66-408F-BF1F-3AFF177046DD}.Debug|Any CPU.Build.0 = Debug|Any CPU
		{BA0ACABE-0E66-408F-BF1F-3AFF177046DD}.Release|Any CPU.ActiveCfg = Release|Any CPU
		{BA0ACABE-0E66-408F-BF1F-3AFF177046DD}.Release|Any CPU.Build.0 = Release|Any CPU
		{8454C4DA-E2D9-434A-9715-33183F689D13}.Debug|Any CPU.ActiveCfg = Debug|Any CPU
		{8454C4DA-E2D9-434A-9715-33183F689D13}.Debug|Any CPU.Build.0 = Debug|Any CPU
		{8454C4DA-E2D9-434A-9715-33183F689D13}.Release|Any CPU.ActiveCfg = Release|Any CPU
		{8454C4DA-E2D9-434A-9715-33183F689D13}.Release|Any CPU.Build.0 = Release|Any CPU
		{2D779EBF-C0FD-4A17-9EF8-DED604DE2B8C}.Debug|Any CPU.ActiveCfg = Debug|Any CPU
		{2D779EBF-C0FD-4A17-9EF8-DED604DE2B8C}.Debug|Any CPU.Build.0 = Debug|Any CPU
		{2D779EBF-C0FD-4A17-9EF8-DED604DE2B8C}.Release|Any CPU.ActiveCfg = Release|Any CPU
		{2D779EBF-C0FD-4A17-9EF8-DED604DE2B8C}.Release|Any CPU.Build.0 = Release|Any CPU
		{8EDA0683-617F-4111-9F2E-412A0BCFCABA}.Debug|Any CPU.ActiveCfg = Debug|Any CPU
		{8EDA0683-617F-4111-9F2E-412A0BCFCABA}.Debug|Any CPU.Build.0 = Debug|Any CPU
		{8EDA0683-617F-4111-9F2E-412A0BCFCABA}.Release|Any CPU.ActiveCfg = Release|Any CPU
		{8EDA0683-617F-4111-9F2E-412A0BCFCABA}.Release|Any CPU.Build.0 = Release|Any CPU
	EndGlobalSection
	GlobalSection(SolutionProperties) = preSolution
		HideSolutionNode = FALSE
	EndGlobalSection
	GlobalSection(ExtensibilityGlobals) = postSolution
		SolutionGuid = {257FBE8D-06B5-4532-A0D5-E9CB93C22661}
	EndGlobalSection
EndGlobal
